
Microsoft Visual Studio Solution File, Format Version 12.00
# Visual Studio Version 16
VisualStudioVersion = 16.0.30907.101
MinimumVisualStudioVersion = 10.0.40219.1
Project("{FAE04EC0-301F-11D3-BF4B-00C04F79EFBC}") = "MobileEDI Application.UWP", "MobileEDI Application.UWP\MobileEDI Application.UWP.csproj", "{8AB4C213-40E6-4112-95A6-A3500CCA1B4D}"
EndProject
Project("{FAE04EC0-301F-11D3-BF4B-00C04F79EFBC}") = "MobileEDI Application.Android", "MobileEDI Application.Android\MobileEDI Application.Android.csproj", "{76DDC23B-CF47-443B-AF50-B21174CA8646}"
EndProject
Project("{FAE04EC0-301F-11D3-BF4B-00C04F79EFBC}") = "MobileEDI Application.iOS", "MobileEDI Application.iOS\MobileEDI Application.iOS.csproj", "{066DAF36-F0B8-4FE0-BD0B-81CD05D8BB57}"
EndProject
Project("{FAE04EC0-301F-11D3-BF4B-00C04F79EFBC}") = "MobileEDI Application", "MobileEDI Application\MobileEDI Application.csproj", "{E579F970-843C-4CF1-92EF-17A916D3177B}"
EndProject
Global
	GlobalSection(SolutionConfigurationPlatforms) = preSolution
		Debug|Any CPU = Debug|Any CPU
		Debug|ARM = Debug|ARM
		Debug|iPhone = Debug|iPhone
		Debug|iPhoneSimulator = Debug|iPhoneSimulator
		Debug|x64 = Debug|x64
		Debug|x86 = Debug|x86
		Release|Any CPU = Release|Any CPU
		Release|ARM = Release|ARM
		Release|iPhone = Release|iPhone
		Release|iPhoneSimulator = Release|iPhoneSimulator
		Release|x64 = Release|x64
		Release|x86 = Release|x86
	EndGlobalSection
	GlobalSection(ProjectConfigurationPlatforms) = postSolution
		{8AB4C213-40E6-4112-95A6-A3500CCA1B4D}.Debug|Any CPU.ActiveCfg = Debug|x86
		{8AB4C213-40E6-4112-95A6-A3500CCA1B4D}.Debug|Any CPU.Build.0 = Debug|x86
		{8AB4C213-40E6-4112-95A6-A3500CCA1B4D}.Debug|Any CPU.Deploy.0 = Debug|x86
		{8AB4C213-40E6-4112-95A6-A3500CCA1B4D}.Debug|ARM.ActiveCfg = Debug|ARM
		{8AB4C213-40E6-4112-95A6-A3500CCA1B4D}.Debug|ARM.Build.0 = Debug|ARM
		{8AB4C213-40E6-4112-95A6-A3500CCA1B4D}.Debug|ARM.Deploy.0 = Debug|ARM
		{8AB4C213-40E6-4112-95A6-A3500CCA1B4D}.Debug|iPhone.ActiveCfg = Debug|x86
		{8AB4C213-40E6-4112-95A6-A3500CCA1B4D}.Debug|iPhone.Build.0 = Debug|x86
		{8AB4C213-40E6-4112-95A6-A3500CCA1B4D}.Debug|iPhone.Deploy.0 = Debug|x86
		{8AB4C213-40E6-4112-95A6-A3500CCA1B4D}.Debug|iPhoneSimulator.ActiveCfg = Debug|x86
		{8AB4C213-40E6-4112-95A6-A3500CCA1B4D}.Debug|iPhoneSimulator.Build.0 = Debug|x86
		{8AB4C213-40E6-4112-95A6-A3500CCA1B4D}.Debug|iPhoneSimulator.Deploy.0 = Debug|x86
		{8AB4C213-40E6-4112-95A6-A3500CCA1B4D}.Debug|x64.ActiveCfg = Debug|x64
		{8AB4C213-40E6-4112-95A6-A3500CCA1B4D}.Debug|x64.Build.0 = Debug|x64
		{8AB4C213-40E6-4112-95A6-A3500CCA1B4D}.Debug|x64.Deploy.0 = Debug|x64
		{8AB4C213-40E6-4112-95A6-A3500CCA1B4D}.Debug|x86.ActiveCfg = Debug|x86
		{8AB4C213-40E6-4112-95A6-A3500CCA1B4D}.Debug|x86.Build.0 = Debug|x86
		{8AB4C213-40E6-4112-95A6-A3500CCA1B4D}.Debug|x86.Deploy.0 = Debug|x86
		{8AB4C213-40E6-4112-95A6-A3500CCA1B4D}.Release|Any CPU.ActiveCfg = Release|x86
		{8AB4C213-40E6-4112-95A6-A3500CCA1B4D}.Release|Any CPU.Build.0 = Release|x86
		{8AB4C213-40E6-4112-95A6-A3500CCA1B4D}.Release|Any CPU.Deploy.0 = Release|x86
		{8AB4C213-40E6-4112-95A6-A3500CCA1B4D}.Release|ARM.ActiveCfg = Release|ARM
		{8AB4C213-40E6-4112-95A6-A3500CCA1B4D}.Release|ARM.Build.0 = Release|ARM
		{8AB4C213-40E6-4112-95A6-A3500CCA1B4D}.Release|ARM.Deploy.0 = Release|ARM
		{8AB4C213-40E6-4112-95A6-A3500CCA1B4D}.Release|iPhone.ActiveCfg = Release|x86
		{8AB4C213-40E6-4112-95A6-A3500CCA1B4D}.Release|iPhone.Build.0 = Release|x86
		{8AB4C213-40E6-4112-95A6-A3500CCA1B4D}.Release|iPhone.Deploy.0 = Release|x86
		{8AB4C213-40E6-4112-95A6-A3500CCA1B4D}.Release|iPhoneSimulator.ActiveCfg = Release|x86
		{8AB4C213-40E6-4112-95A6-A3500CCA1B4D}.Release|iPhoneSimulator.Build.0 = Release|x86
		{8AB4C213-40E6-4112-95A6-A3500CCA1B4D}.Release|iPhoneSimulator.Deploy.0 = Release|x86
		{8AB4C213-40E6-4112-95A6-A3500CCA1B4D}.Release|x64.ActiveCfg = Release|x64
		{8AB4C213-40E6-4112-95A6-A3500CCA1B4D}.Release|x64.Build.0 = Release|x64
		{8AB4C213-40E6-4112-95A6-A3500CCA1B4D}.Release|x64.Deploy.0 = Release|x64
		{8AB4C213-40E6-4112-95A6-A3500CCA1B4D}.Release|x86.ActiveCfg = Release|x86
		{8AB4C213-40E6-4112-95A6-A3500CCA1B4D}.Release|x86.Build.0 = Release|x86
		{8AB4C213-40E6-4112-95A6-A3500CCA1B4D}.Release|x86.Deploy.0 = Release|x86
		{76DDC23B-CF47-443B-AF50-B21174CA8646}.Debug|Any CPU.ActiveCfg = Debug|Any CPU
		{76DDC23B-CF47-443B-AF50-B21174CA8646}.Debug|Any CPU.Build.0 = Debug|Any CPU
		{76DDC23B-CF47-443B-AF50-B21174CA8646}.Debug|Any CPU.Deploy.0 = Debug|Any CPU
		{76DDC23B-CF47-443B-AF50-B21174CA8646}.Debug|ARM.ActiveCfg = Debug|Any CPU
		{76DDC23B-CF47-443B-AF50-B21174CA8646}.Debug|ARM.Build.0 = Debug|Any CPU
		{76DDC23B-CF47-443B-AF50-B21174CA8646}.Debug|ARM.Deploy.0 = Debug|Any CPU
		{76DDC23B-CF47-443B-AF50-B21174CA8646}.Debug|iPhone.ActiveCfg = Debug|Any CPU
		{76DDC23B-CF47-443B-AF50-B21174CA8646}.Debug|iPhone.Build.0 = Debug|Any CPU
		{76DDC23B-CF47-443B-AF50-B21174CA8646}.Debug|iPhone.Deploy.0 = Debug|Any CPU
		{76DDC23B-CF47-443B-AF50-B21174CA8646}.Debug|iPhoneSimulator.ActiveCfg = Debug|Any CPU
		{76DDC23B-CF47-443B-AF50-B21174CA8646}.Debug|iPhoneSimulator.Build.0 = Debug|Any CPU
		{76DDC23B-CF47-443B-AF50-B21174CA8646}.Debug|iPhoneSimulator.Deploy.0 = Debug|Any CPU
		{76DDC23B-CF47-443B-AF50-B21174CA8646}.Debug|x64.ActiveCfg = Debug|Any CPU
		{76DDC23B-CF47-443B-AF50-B21174CA8646}.Debug|x64.Build.0 = Debug|Any CPU
		{76DDC23B-CF47-443B-AF50-B21174CA8646}.Debug|x64.Deploy.0 = Debug|Any CPU
		{76DDC23B-CF47-443B-AF50-B21174CA8646}.Debug|x86.ActiveCfg = Debug|Any CPU
		{76DDC23B-CF47-443B-AF50-B21174CA8646}.Debug|x86.Build.0 = Debug|Any CPU
		{76DDC23B-CF47-443B-AF50-B21174CA8646}.Debug|x86.Deploy.0 = Debug|Any CPU
		{76DDC23B-CF47-443B-AF50-B21174CA8646}.Release|Any CPU.ActiveCfg = Release|Any CPU
		{76DDC23B-CF47-443B-AF50-B21174CA8646}.Release|Any CPU.Build.0 = Release|Any CPU
		{76DDC23B-CF47-443B-AF50-B21174CA8646}.Release|Any CPU.Deploy.0 = Release|Any CPU
		{76DDC23B-CF47-443B-AF50-B21174CA8646}.Release|ARM.ActiveCfg = Release|Any CPU
		{76DDC23B-CF47-443B-AF50-B21174CA8646}.Release|ARM.Build.0 = Release|Any CPU
		{76DDC23B-CF47-443B-AF50-B21174CA8646}.Release|ARM.Deploy.0 = Release|Any CPU
		{76DDC23B-CF47-443B-AF50-B21174CA8646}.Release|iPhone.ActiveCfg = Release|Any CPU
		{76DDC23B-CF47-443B-AF50-B21174CA8646}.Release|iPhone.Build.0 = Release|Any CPU
		{76DDC23B-CF47-443B-AF50-B21174CA8646}.Release|iPhone.Deploy.0 = Release|Any CPU
		{76DDC23B-CF47-443B-AF50-B21174CA8646}.Release|iPhoneSimulator.ActiveCfg = Release|Any CPU
		{76DDC23B-CF47-443B-AF50-B21174CA8646}.Release|iPhoneSimulator.Build.0 = Release|Any CPU
		{76DDC23B-CF47-443B-AF50-B21174CA8646}.Release|iPhoneSimulator.Deploy.0 = Release|Any CPU
		{76DDC23B-CF47-443B-AF50-B21174CA8646}.Release|x64.ActiveCfg = Release|Any CPU
		{76DDC23B-CF47-443B-AF50-B21174CA8646}.Release|x64.Build.0 = Release|Any CPU
		{76DDC23B-CF47-443B-AF50-B21174CA8646}.Release|x64.Deploy.0 = Release|Any CPU
		{76DDC23B-CF47-443B-AF50-B21174CA8646}.Release|x86.ActiveCfg = Release|Any CPU
		{76DDC23B-CF47-443B-AF50-B21174CA8646}.Release|x86.Build.0 = Release|Any CPU
		{76DDC23B-CF47-443B-AF50-B21174CA8646}.Release|x86.Deploy.0 = Release|Any CPU
		{066DAF36-F0B8-4FE0-BD0B-81CD05D8BB57}.Debug|Any CPU.ActiveCfg = Debug|iPhoneSimulator
		{066DAF36-F0B8-4FE0-BD0B-81CD05D8BB57}.Debug|Any CPU.Build.0 = Debug|iPhoneSimulator
		{066DAF36-F0B8-4FE0-BD0B-81CD05D8BB57}.Debug|Any CPU.Deploy.0 = Debug|iPhoneSimulator
		{066DAF36-F0B8-4FE0-BD0B-81CD05D8BB57}.Debug|ARM.ActiveCfg = Debug|iPhone
		{066DAF36-F0B8-4FE0-BD0B-81CD05D8BB57}.Debug|ARM.Build.0 = Debug|iPhone
		{066DAF36-F0B8-4FE0-BD0B-81CD05D8BB57}.Debug|ARM.Deploy.0 = Debug|iPhone
		{066DAF36-F0B8-4FE0-BD0B-81CD05D8BB57}.Debug|iPhone.ActiveCfg = Debug|iPhone
		{066DAF36-F0B8-4FE0-BD0B-81CD05D8BB57}.Debug|iPhone.Build.0 = Debug|iPhone
		{066DAF36-F0B8-4FE0-BD0B-81CD05D8BB57}.Debug|iPhone.Deploy.0 = Debug|iPhone
		{066DAF36-F0B8-4FE0-BD0B-81CD05D8BB57}.Debug|iPhoneSimulator.ActiveCfg = Debug|iPhoneSimulator
		{066DAF36-F0B8-4FE0-BD0B-81CD05D8BB57}.Debug|iPhoneSimulator.Build.0 = Debug|iPhoneSimulator
		{066DAF36-F0B8-4FE0-BD0B-81CD05D8BB57}.Debug|iPhoneSimulator.Deploy.0 = Debug|iPhoneSimulator
		{066DAF36-F0B8-4FE0-BD0B-81CD05D8BB57}.Debug|x64.ActiveCfg = Debug|iPhoneSimulator
		{066DAF36-F0B8-4FE0-BD0B-81CD05D8BB57}.Debug|x64.Build.0 = Debug|iPhoneSimulator
		{066DAF36-F0B8-4FE0-BD0B-81CD05D8BB57}.Debug|x64.Deploy.0 = Debug|iPhoneSimulator
		{066DAF36-F0B8-4FE0-BD0B-81CD05D8BB57}.Debug|x86.ActiveCfg = Debug|iPhoneSimulator
		{066DAF36-F0B8-4FE0-BD0B-81CD05D8BB57}.Debug|x86.Build.0 = Debug|iPhoneSimulator
		{066DAF36-F0B8-4FE0-BD0B-81CD05D8BB57}.Debug|x86.Deploy.0 = Debug|iPhoneSimulator
		{066DAF36-F0B8-4FE0-BD0B-81CD05D8BB57}.Release|Any CPU.ActiveCfg = Release|iPhoneSimulator
		{066DAF36-F0B8-4FE0-BD0B-81CD05D8BB57}.Release|Any CPU.Build.0 = Release|iPhoneSimulator
		{066DAF36-F0B8-4FE0-BD0B-81CD05D8BB57}.Release|Any CPU.Deploy.0 = Release|iPhoneSimulator
		{066DAF36-F0B8-4FE0-BD0B-81CD05D8BB57}.Release|ARM.ActiveCfg = Release|iPhoneSimulator
		{066DAF36-F0B8-4FE0-BD0B-81CD05D8BB57}.Release|ARM.Build.0 = Release|iPhoneSimulator
		{066DAF36-F0B8-4FE0-BD0B-81CD05D8BB57}.Release|ARM.Deploy.0 = Release|iPhoneSimulator
		{066DAF36-F0B8-4FE0-BD0B-81CD05D8BB57}.Release|iPhone.ActiveCfg = Release|iPhone
		{066DAF36-F0B8-4FE0-BD0B-81CD05D8BB57}.Release|iPhone.Build.0 = Release|iPhone
		{066DAF36-F0B8-4FE0-BD0B-81CD05D8BB57}.Release|iPhone.Deploy.0 = Release|iPhone
		{066DAF36-F0B8-4FE0-BD0B-81CD05D8BB57}.Release|iPhoneSimulator.ActiveCfg = Release|iPhoneSimulator
		{066DAF36-F0B8-4FE0-BD0B-81CD05D8BB57}.Release|iPhoneSimulator.Build.0 = Release|iPhoneSimulator
		{066DAF36-F0B8-4FE0-BD0B-81CD05D8BB57}.Release|iPhoneSimulator.Deploy.0 = Release|iPhoneSimulator
		{066DAF36-F0B8-4FE0-BD0B-81CD05D8BB57}.Release|x64.ActiveCfg = Release|iPhoneSimulator
		{066DAF36-F0B8-4FE0-BD0B-81CD05D8BB57}.Release|x64.Build.0 = Release|iPhoneSimulator
		{066DAF36-F0B8-4FE0-BD0B-81CD05D8BB57}.Release|x64.Deploy.0 = Release|iPhoneSimulator
		{066DAF36-F0B8-4FE0-BD0B-81CD05D8BB57}.Release|x86.ActiveCfg = Release|iPhoneSimulator
		{066DAF36-F0B8-4FE0-BD0B-81CD05D8BB57}.Release|x86.Build.0 = Release|iPhoneSimulator
		{066DAF36-F0B8-4FE0-BD0B-81CD05D8BB57}.Release|x86.Deploy.0 = Release|iPhoneSimulator
		{E579F970-843C-4CF1-92EF-17A916D3177B}.Debug|Any CPU.ActiveCfg = Debug|Any CPU
		{E579F970-843C-4CF1-92EF-17A916D3177B}.Debug|Any CPU.Build.0 = Debug|Any CPU
		{E579F970-843C-4CF1-92EF-17A916D3177B}.Debug|Any CPU.Deploy.0 = Debug|Any CPU
		{E579F970-843C-4CF1-92EF-17A916D3177B}.Debug|ARM.ActiveCfg = Debug|Any CPU
		{E579F970-843C-4CF1-92EF-17A916D3177B}.Debug|ARM.Build.0 = Debug|Any CPU
		{E579F970-843C-4CF1-92EF-17A916D3177B}.Debug|ARM.Deploy.0 = Debug|Any CPU
		{E579F970-843C-4CF1-92EF-17A916D3177B}.Debug|iPhone.ActiveCfg = Debug|Any CPU
		{E579F970-843C-4CF1-92EF-17A916D3177B}.Debug|iPhone.Build.0 = Debug|Any CPU
		{E579F970-843C-4CF1-92EF-17A916D3177B}.Debug|iPhone.Deploy.0 = Debug|Any CPU
		{E579F970-843C-4CF1-92EF-17A916D3177B}.Debug|iPhoneSimulator.ActiveCfg = Debug|Any CPU
		{E579F970-843C-4CF1-92EF-17A916D3177B}.Debug|iPhoneSimulator.Build.0 = Debug|Any CPU
		{E579F970-843C-4CF1-92EF-17A916D3177B}.Debug|iPhoneSimulator.Deploy.0 = Debug|Any CPU
		{E579F970-843C-4CF1-92EF-17A916D3177B}.Debug|x64.ActiveCfg = Debug|Any CPU
		{E579F970-843C-4CF1-92EF-17A916D3177B}.Debug|x64.Build.0 = Debug|Any CPU
		{E579F970-843C-4CF1-92EF-17A916D3177B}.Debug|x64.Deploy.0 = Debug|Any CPU
		{E579F970-843C-4CF1-92EF-17A916D3177B}.Debug|x86.ActiveCfg = Debug|Any CPU
		{E579F970-843C-4CF1-92EF-17A916D3177B}.Debug|x86.Build.0 = Debug|Any CPU
		{E579F970-843C-4CF1-92EF-17A916D3177B}.Debug|x86.Deploy.0 = Debug|Any CPU
		{E579F970-843C-4CF1-92EF-17A916D3177B}.Release|Any CPU.ActiveCfg = Release|Any CPU
		{E579F970-843C-4CF1-92EF-17A916D3177B}.Release|Any CPU.Build.0 = Release|Any CPU
		{E579F970-843C-4CF1-92EF-17A916D3177B}.Release|Any CPU.Deploy.0 = Release|Any CPU
		{E579F970-843C-4CF1-92EF-17A916D3177B}.Release|ARM.ActiveCfg = Release|Any CPU
		{E579F970-843C-4CF1-92EF-17A916D3177B}.Release|ARM.Build.0 = Release|Any CPU
		{E579F970-843C-4CF1-92EF-17A916D3177B}.Release|ARM.Deploy.0 = Release|Any CPU
		{E579F970-843C-4CF1-92EF-17A916D3177B}.Release|iPhone.ActiveCfg = Release|Any CPU
		{E579F970-843C-4CF1-92EF-17A916D3177B}.Release|iPhone.Build.0 = Release|Any CPU
		{E579F970-843C-4CF1-92EF-17A916D3177B}.Release|iPhone.Deploy.0 = Release|Any CPU
		{E579F970-843C-4CF1-92EF-17A916D3177B}.Release|iPhoneSimulator.ActiveCfg = Release|Any CPU
		{E579F970-843C-4CF1-92EF-17A916D3177B}.Release|iPhoneSimulator.Build.0 = Release|Any CPU
		{E579F970-843C-4CF1-92EF-17A916D3177B}.Release|iPhoneSimulator.Deploy.0 = Release|Any CPU
		{E579F970-843C-4CF1-92EF-17A916D3177B}.Release|x64.ActiveCfg = Release|Any CPU
		{E579F970-843C-4CF1-92EF-17A916D3177B}.Release|x64.Build.0 = Release|Any CPU
		{E579F970-843C-4CF1-92EF-17A916D3177B}.Release|x64.Deploy.0 = Release|Any CPU
		{E579F970-843C-4CF1-92EF-17A916D3177B}.Release|x86.ActiveCfg = Release|Any CPU
		{E579F970-843C-4CF1-92EF-17A916D3177B}.Release|x86.Build.0 = Release|Any CPU
		{E579F970-843C-4CF1-92EF-17A916D3177B}.Release|x86.Deploy.0 = Release|Any CPU
	EndGlobalSection
	GlobalSection(SolutionProperties) = preSolution
		HideSolutionNode = FALSE
	EndGlobalSection
	GlobalSection(ExtensibilityGlobals) = postSolution
		SolutionGuid = {45BD9901-72D3-45DF-BB12-FFBAD468FF40}
	EndGlobalSection
EndGlobal
